{
  "requires": true,
  "lockfileVersion": 1,
  "dependencies": {
    "@aspnet/signalr-client": {
      "version": "1.0.0-alpha2-final",
      "resolved": "https://registry.npmjs.org/@aspnet/signalr-client/-/signalr-client-1.0.0-alpha2-final.tgz",
      "integrity": "sha1-a899AQKHXfiqbwOhB0h8k/Tx/rQ=",
      "requires": {
        "msgpack5": "3.6.0"
      }
    },
    "@braintree/browser-detection": {
      "version": "1.7.0",
      "resolved": "https://registry.npmjs.org/@braintree/browser-detection/-/browser-detection-1.7.0.tgz",
      "integrity": "sha1-iVumS3AMPzbKtcVFkcr3GkEXHdg="
    },
    "@braintree/iframer": {
      "version": "1.0.3",
      "resolved": "https://registry.npmjs.org/@braintree/iframer/-/iframer-1.0.3.tgz",
      "integrity": "sha1-Id0f1M69QVSuqx76TVsNX0OENk4="
    },
    "@braintree/sanitize-url": {
      "version": "2.1.0",
      "resolved": "https://registry.npmjs.org/@braintree/sanitize-url/-/sanitize-url-2.1.0.tgz",
      "integrity": "sha1-VJqdH5I8m8eVOlhdPpqpQpvo/ig="
    },
    "@braintree/wrap-promise": {
      "version": "1.1.1",
      "resolved": "https://registry.npmjs.org/@braintree/wrap-promise/-/wrap-promise-1.1.1.tgz",
      "integrity": "sha1-0ix2hV5tS0ASYQBgQh+uGjfskLA="
    },
    "bl": {
      "version": "1.2.1",
      "resolved": "https://registry.npmjs.org/bl/-/bl-1.2.1.tgz",
      "integrity": "sha1-ysMo977kVzDUBLaSID/LWQ4XLV4=",
      "requires": {
        "readable-stream": "2.3.3"
      }
    },
    "braintree-web": {
      "version": "3.29.0",
      "resolved": "https://registry.npmjs.org/braintree-web/-/braintree-web-3.29.0.tgz",
      "integrity": "sha1-LcVzIYpiXtanTOYwE5CoUF1gCxQ=",
      "requires": {
        "@braintree/browser-detection": "1.7.0",
        "@braintree/iframer": "1.0.3",
        "@braintree/sanitize-url": "2.1.0",
        "@braintree/wrap-promise": "1.1.1",
        "card-validator": "4.2.0",
        "credit-card-type": "6.1.1",
        "framebus": "2.0.8",
        "inject-stylesheet": "1.0.0",
        "promise-polyfill": "7.0.0",
        "restricted-input": "1.2.7"
      }
    },
    "card-validator": {
      "version": "4.2.0",
      "resolved": "https://registry.npmjs.org/card-validator/-/card-validator-4.2.0.tgz",
      "integrity": "sha1-oqAz9/k9YPAKowb2PbGDsMVVrK8=",
      "requires": {
        "credit-card-type": "6.1.1"
      }
    },
    "core-util-is": {
      "version": "1.0.2",
      "resolved": "https://registry.npmjs.org/core-util-is/-/core-util-is-1.0.2.tgz",
      "integrity": "sha1-tf1UIgqivFq1eqtxQMlAdUUDwac="
    },
    "credit-card-type": {
      "version": "6.1.1",
      "resolved": "https://registry.npmjs.org/credit-card-type/-/credit-card-type-6.1.1.tgz",
      "integrity": "sha1-9uWsGrIGCceTeQxbVIipAGM9imA="
    },
    "framebus": {
      "version": "2.0.8",
      "resolved": "https://registry.npmjs.org/framebus/-/framebus-2.0.8.tgz",
      "integrity": "sha1-AcfuX3Zb6z+aLgOQygtwiLK/dtM="
    },
    "inherits": {
      "version": "2.0.3",
      "resolved": "https://registry.npmjs.org/inherits/-/inherits-2.0.3.tgz",
      "integrity": "sha1-Yzwsg+PaQqUC9SRmAiSA9CCCYd4="
    },
    "inject-stylesheet": {
      "version": "1.0.0",
      "resolved": "https://registry.npmjs.org/inject-stylesheet/-/inject-stylesheet-1.0.0.tgz",
      "integrity": "sha1-9nMEdFjuWPEJ/uTPtmsJ82LMwmE="
    },
    "isarray": {
      "version": "1.0.0",
      "resolved": "https://registry.npmjs.org/isarray/-/isarray-1.0.0.tgz",
      "integrity": "sha1-u5NdSFgsuhaMBoNJV6VKPgcSTxE="
    },
    "msgpack5": {
      "version": "3.6.0",
      "resolved": "https://registry.npmjs.org/msgpack5/-/msgpack5-3.6.0.tgz",
      "integrity": "sha512-6HuCZHA57WtNUzrKIvjJ8OMxigzveJ6D5i13y6TsgGu3X3zxABpuBvChpppOoGdB9SyWZcmqUs1fwUV/PpSQ7Q==",
      "requires": {
        "bl": "1.2.1",
        "inherits": "2.0.3",
        "readable-stream": "2.3.3",
        "safe-buffer": "5.1.1"
      }
    },
    "process-nextick-args": {
      "version": "1.0.7",
      "resolved": "https://registry.npmjs.org/process-nextick-args/-/process-nextick-args-1.0.7.tgz",
      "integrity": "sha1-FQ4gt1ZZCtP5EJPyWk8q2L/zC6M="
    },
    "promise-polyfill": {
      "version": "7.0.0",
      "resolved": "https://registry.npmjs.org/promise-polyfill/-/promise-polyfill-7.0.0.tgz",
      "integrity": "sha1-xmW22h+X4hw/L3qgVDyQIJEnyxU="
    },
    "readable-stream": {
      "version": "2.3.3",
      "resolved": "https://registry.npmjs.org/readable-stream/-/readable-stream-2.3.3.tgz",
      "integrity": "sha512-m+qzzcn7KUxEmd1gMbchF+Y2eIUbieUaxkWtptyHywrX0rE8QEYqPC07Vuy4Wm32/xE16NcdBctb8S0Xe/5IeQ==",
      "requires": {
        "core-util-is": "1.0.2",
        "inherits": "2.0.3",
        "isarray": "1.0.0",
        "process-nextick-args": "1.0.7",
        "safe-buffer": "5.1.1",
        "string_decoder": "1.0.3",
        "util-deprecate": "1.0.2"
      }
    },
    "restricted-input": {
      "version": "1.2.7",
      "resolved": "https://registry.npmjs.org/restricted-input/-/restricted-input-1.2.7.tgz",
      "integrity": "sha1-4SmPX9jEMMwtjmuxF1UkAjIFyzQ=",
      "requires": {
        "@braintree/browser-detection": "1.7.0"
      }
    },
    "safe-buffer": {
      "version": "5.1.1",
      "resolved": "https://registry.npmjs.org/safe-buffer/-/safe-buffer-5.1.1.tgz",
      "integrity": "sha512-kKvNJn6Mm93gAczWVJg7wH+wGYWNrDHdWvpUmHyEsgCtIwwo3bqPtV4tR5tuPaUhTOo/kvhVwd8XwwOllGYkbg=="
    },
    "string_decoder": {
      "version": "1.0.3",
      "resolved": "https://registry.npmjs.org/string_decoder/-/string_decoder-1.0.3.tgz",
      "integrity": "sha512-4AH6Z5fzNNBcH+6XDMfA/BTt87skxqJlO0lAh3Dker5zThcAxG6mKz+iGu308UKoPPQ8Dcqx/4JhujzltRa+hQ==",
      "requires": {
        "safe-buffer": "5.1.1"
      }
    },
    "util-deprecate": {
      "version": "1.0.2",
      "resolved": "https://registry.npmjs.org/util-deprecate/-/util-deprecate-1.0.2.tgz",
      "integrity": "sha1-RQ1Nyfpw3nMnYvvS1KKJgUGaDM8="
    }
  }
}
